
Microsoft Visual Studio Solution File, Format Version 12.00
# Visual Studio Version 16
VisualStudioVersion = 16.0.31112.23
MinimumVisualStudioVersion = 10.0.40219.1
Project("{FAE04EC0-301F-11D3-BF4B-00C04F79EFBC}") = "CodeChavez.LinqExtensions", "CodeChavez.LinqExtensions\CodeChavez.LinqExtensions.csproj", "{5D223EBF-B9F1-402B-894E-7574D6444E79}"
EndProject
Global
	GlobalSection(SolutionConfigurationPlatforms) = preSolution
		Debug|Any CPU = Debug|Any CPU
		Release|Any CPU = Release|Any CPU
	EndGlobalSection
	GlobalSection(ProjectConfigurationPlatforms) = postSolution
		{5D223EBF-B9F1-402B-894E-7574D6444E79}.Debug|Any CPU.ActiveCfg = Debug|Any CPU
		{5D223EBF-B9F1-402B-894E-7574D6444E79}.Debug|Any CPU.Build.0 = Debug|Any CPU
		{5D223EBF-B9F1-402B-894E-7574D6444E79}.Release|Any CPU.ActiveCfg = Release|Any CPU
		{5D223EBF-B9F1-402B-894E-7574D6444E79}.Release|Any CPU.Build.0 = Release|Any CPU
	EndGlobalSection
	GlobalSection(SolutionProperties) = preSolution
		HideSolutionNode = FALSE
	EndGlobalSection
	GlobalSection(ExtensibilityGlobals) = postSolution
		SolutionGuid = {4FA4CFB2-92E1-4B64-9049-B46DA8348149}
	EndGlobalSection
EndGlobal
